
Microsoft Visual Studio Solution File, Format Version 12.00
Project("{FAE04EC0-301F-11D3-BF4B-00C04F79EFBC}") = "Ollivanders", "Ollivanders\Ollivanders.csproj", "{6D9207FD-052B-4496-A6CF-40A1950CBA85}"
EndProject
Project("{FAE04EC0-301F-11D3-BF4B-00C04F79EFBC}") = "Ollivanders.Tests", "Ollivanders.Tests\Ollivanders.Tests.csproj", "{EC6F3018-F12E-4ECC-965D-0E201A2A790E}"
EndProject
Global
	GlobalSection(SolutionConfigurationPlatforms) = preSolution
		Debug|Any CPU = Debug|Any CPU
		Release|Any CPU = Release|Any CPU
	EndGlobalSection
	GlobalSection(ProjectConfigurationPlatforms) = postSolution
		{6D9207FD-052B-4496-A6CF-40A1950CBA85}.Debug|Any CPU.ActiveCfg = Debug|Any CPU
		{6D9207FD-052B-4496-A6CF-40A1950CBA85}.Debug|Any CPU.Build.0 = Debug|Any CPU
		{6D9207FD-052B-4496-A6CF-40A1950CBA85}.Release|Any CPU.ActiveCfg = Release|Any CPU
		{6D9207FD-052B-4496-A6CF-40A1950CBA85}.Release|Any CPU.Build.0 = Release|Any CPU
		{EC6F3018-F12E-4ECC-965D-0E201A2A790E}.Debug|Any CPU.ActiveCfg = Debug|Any CPU
		{EC6F3018-F12E-4ECC-965D-0E201A2A790E}.Debug|Any CPU.Build.0 = Debug|Any CPU
		{EC6F3018-F12E-4ECC-965D-0E201A2A790E}.Release|Any CPU.ActiveCfg = Release|Any CPU
		{EC6F3018-F12E-4ECC-965D-0E201A2A790E}.Release|Any CPU.Build.0 = Release|Any CPU
	EndGlobalSection
EndGlobal
